
Microsoft Visual Studio Solution File, Format Version 12.00
# Visual Studio Version 17
VisualStudioVersion = 17.4.33205.214
MinimumVisualStudioVersion = 10.0.40219.1
Project("{FAE04EC0-301F-11D3-BF4B-00C04F79EFBC}") = "PasswordLiberary2", "PasswordLiberary2\PasswordLiberary2.csproj", "{B7C52A86-AFB2-4060-A326-A8FC6D03878F}"
EndProject
Project("{FAE04EC0-301F-11D3-BF4B-00C04F79EFBC}") = "PasswordLiberaryTests", "PasswordLiberaryTests\PasswordLiberaryTests.csproj", "{DAD6939A-5771-4834-8FA1-3B2865C6DEFD}"
EndProject
Global
	GlobalSection(SolutionConfigurationPlatforms) = preSolution
		Debug|Any CPU = Debug|Any CPU
		Release|Any CPU = Release|Any CPU
	EndGlobalSection
	GlobalSection(ProjectConfigurationPlatforms) = postSolution
		{B7C52A86-AFB2-4060-A326-A8FC6D03878F}.Debug|Any CPU.ActiveCfg = Debug|Any CPU
		{B7C52A86-AFB2-4060-A326-A8FC6D03878F}.Debug|Any CPU.Build.0 = Debug|Any CPU
		{B7C52A86-AFB2-4060-A326-A8FC6D03878F}.Release|Any CPU.ActiveCfg = Release|Any CPU
		{B7C52A86-AFB2-4060-A326-A8FC6D03878F}.Release|Any CPU.Build.0 = Release|Any CPU
		{DAD6939A-5771-4834-8FA1-3B2865C6DEFD}.Debug|Any CPU.ActiveCfg = Debug|Any CPU
		{DAD6939A-5771-4834-8FA1-3B2865C6DEFD}.Debug|Any CPU.Build.0 = Debug|Any CPU
		{DAD6939A-5771-4834-8FA1-3B2865C6DEFD}.Release|Any CPU.ActiveCfg = Release|Any CPU
		{DAD6939A-5771-4834-8FA1-3B2865C6DEFD}.Release|Any CPU.Build.0 = Release|Any CPU
	EndGlobalSection
	GlobalSection(SolutionProperties) = preSolution
		HideSolutionNode = FALSE
	EndGlobalSection
	GlobalSection(ExtensibilityGlobals) = postSolution
		SolutionGuid = {199E21B7-41CC-4561-BDF0-80C454C4C981}
	EndGlobalSection
EndGlobal
